
Microsoft Visual Studio Solution File, Format Version 12.00
# Visual Studio Version 17
VisualStudioVersion = 17.11.35222.181
MinimumVisualStudioVersion = 10.0.40219.1
Project("{FAE04EC0-301F-11D3-BF4B-00C04F79EFBC}") = "RegioSyd", "RegioSyd\RegioSyd.csproj", "{33102F53-7CB8-4B34-9486-0CE2EAB9A2BE}"
EndProject
Global
	GlobalSection(SolutionConfigurationPlatforms) = preSolution
		Debug|Any CPU = Debug|Any CPU
		Release|Any CPU = Release|Any CPU
	EndGlobalSection
	GlobalSection(ProjectConfigurationPlatforms) = postSolution
		{33102F53-7CB8-4B34-9486-0CE2EAB9A2BE}.Debug|Any CPU.ActiveCfg = Debug|Any CPU
		{33102F53-7CB8-4B34-9486-0CE2EAB9A2BE}.Debug|Any CPU.Build.0 = Debug|Any CPU
		{33102F53-7CB8-4B34-9486-0CE2EAB9A2BE}.Release|Any CPU.ActiveCfg = Release|Any CPU
		{33102F53-7CB8-4B34-9486-0CE2EAB9A2BE}.Release|Any CPU.Build.0 = Release|Any CPU
	EndGlobalSection
	GlobalSection(SolutionProperties) = preSolution
		HideSolutionNode = FALSE
	EndGlobalSection
	GlobalSection(ExtensibilityGlobals) = postSolution
		SolutionGuid = {7E2030C0-1ADF-4BE3-B96B-236916EEBFA0}
	EndGlobalSection
EndGlobal
